
Microsoft Visual Studio Solution File, Format Version 12.00
# Visual Studio Version 16
VisualStudioVersion = 16.0.30621.155
MinimumVisualStudioVersion = 10.0.40219.1
Project("{FAE04EC0-301F-11D3-BF4B-00C04F79EFBC}") = "ConsoleApp1", "ConsoleApp1.csproj", "{3E3650AB-6546-4897-AB76-3E87EE14B748}"
EndProject
Project("{2150E333-8FDC-42A3-9474-1A3956D46DE8}") = "Solution Items", "Solution Items", "{06726EA7-5A6E-4611-8F8B-EBBE002CF693}"
	ProjectSection(SolutionItems) = preProject
		Class1.cs = Class1.cs
	EndProjectSection
EndProject
Global
	GlobalSection(SolutionConfigurationPlatforms) = preSolution
		Debug|Any CPU = Debug|Any CPU
		Release|Any CPU = Release|Any CPU
	EndGlobalSection
	GlobalSection(ProjectConfigurationPlatforms) = postSolution
		{3E3650AB-6546-4897-AB76-3E87EE14B748}.Debug|Any CPU.ActiveCfg = Debug|Any CPU
		{3E3650AB-6546-4897-AB76-3E87EE14B748}.Debug|Any CPU.Build.0 = Debug|Any CPU
		{3E3650AB-6546-4897-AB76-3E87EE14B748}.Release|Any CPU.ActiveCfg = Release|Any CPU
		{3E3650AB-6546-4897-AB76-3E87EE14B748}.Release|Any CPU.Build.0 = Release|Any CPU
	EndGlobalSection
	GlobalSection(SolutionProperties) = preSolution
		HideSolutionNode = FALSE
	EndGlobalSection
	GlobalSection(ExtensibilityGlobals) = postSolution
		SolutionGuid = {C4CF4D81-539F-40BB-B9FD-7D2650F6CBB9}
	EndGlobalSection
EndGlobal
